
Microsoft Visual Studio Solution File, Format Version 12.00
# Visual Studio Version 17
VisualStudioVersion = 17.4.33205.214
MinimumVisualStudioVersion = 10.0.40219.1
Project("{FAE04EC0-301F-11D3-BF4B-00C04F79EFBC}") = "KararVeDonguOrnekleri", "KararVeDonguOrnekleri\KararVeDonguOrnekleri.csproj", "{8B4311A0-E74A-49BB-B824-1C49BCAC62D0}"
EndProject
Project("{FAE04EC0-301F-11D3-BF4B-00C04F79EFBC}") = "Diziler", "Diziler\Diziler.csproj", "{77F4127E-44AF-4DA6-8433-2341D9CDB400}"
EndProject
Project("{FAE04EC0-301F-11D3-BF4B-00C04F79EFBC}") = "Metotlar", "Metotlar\Metotlar.csproj", "{2E4D0103-D20E-4042-8010-D5C2A7B568C9}"
EndProject
Project("{FAE04EC0-301F-11D3-BF4B-00C04F79EFBC}") = "Classes", "Classes\Classes.csproj", "{584670B2-A961-4BFA-9708-38592784AB0B}"
EndProject
Project("{FAE04EC0-301F-11D3-BF4B-00C04F79EFBC}") = "BenimKutuphanem", "BenimKutuphanem\BenimKutuphanem.csproj", "{52C6D74C-A96E-4B0D-A580-F553E0F09112}"
EndProject
Project("{FAE04EC0-301F-11D3-BF4B-00C04F79EFBC}") = "IlkFormUygulamam", "IlkFormUygulamam\IlkFormUygulamam.csproj", "{AA758CBE-8FD3-4E1B-878D-101FC4575605}"
EndProject
Project("{FAE04EC0-301F-11D3-BF4B-00C04F79EFBC}") = "AdamAsmaca", "AdamAsmaca\AdamAsmaca.csproj", "{08FC7D16-4896-4A82-9A73-ABCFAA0FB695}"
EndProject
Project("{FAE04EC0-301F-11D3-BF4B-00C04F79EFBC}") = "SayiTahminOyunu", "SayiTahminOyunu\SayiTahminOyunu.csproj", "{C7F68FD9-404C-4BF7-AAFC-F8A50F0C8D38}"
EndProject
Project("{FAE04EC0-301F-11D3-BF4B-00C04F79EFBC}") = "DxBall", "DxBall\DxBall.csproj", "{2B89C821-CB4B-4430-AA02-DA5B3A1D4BB6}"
EndProject
Project("{FAE04EC0-301F-11D3-BF4B-00C04F79EFBC}") = "BankaUygulamasi", "BankaUygulamasi\BankaUygulamasi.csproj", "{C4FB458C-2DED-4653-8196-06CFEE3BA962}"
EndProject
Project("{FAE04EC0-301F-11D3-BF4B-00C04F79EFBC}") = "SinemaBiletOtomasyonu", "SinemaBiletOtomasyonu\SinemaBiletOtomasyonu.csproj", "{3AAD0CB1-D8D4-4F71-95BB-0EB6FB857B1B}"
EndProject
Project("{FAE04EC0-301F-11D3-BF4B-00C04F79EFBC}") = "AdoNet", "AdoNet\AdoNet.csproj", "{82585E91-9D2B-470F-9EFC-2AE8BDC7062B}"
EndProject
Project("{FAE04EC0-301F-11D3-BF4B-00C04F79EFBC}") = "HS10Lib", "HS10Lib\HS10Lib.csproj", "{5FE513A0-B2AA-4080-A998-CC8DF3B9AB80}"
EndProject
Project("{FAE04EC0-301F-11D3-BF4B-00C04F79EFBC}") = "NorthwindOtomasyon", "NorthwindOtomasyon\NorthwindOtomasyon.csproj", "{214D3AFB-14F7-499D-8C59-E504E2559FE7}"
EndProject
Project("{FAE04EC0-301F-11D3-BF4B-00C04F79EFBC}") = "KullaniciOtomasyon", "KullaniciOtomasyon\KullaniciOtomasyon.csproj", "{627D4964-1884-44FB-B33B-BC8C6E55B9A5}"
EndProject
Project("{FAE04EC0-301F-11D3-BF4B-00C04F79EFBC}") = "KullaniciOtomasyon2", "KullaniciOtomasyon2\KullaniciOtomasyon2.csproj", "{16993DB8-D2C4-4E11-B82E-C9059EC785B2}"
EndProject
Project("{FAE04EC0-301F-11D3-BF4B-00C04F79EFBC}") = "StokTakip", "StokTakip\StokTakip.csproj", "{732D8B08-2CF4-4916-9948-DB3FB54FDFEB}"
EndProject
Global
	GlobalSection(SolutionConfigurationPlatforms) = preSolution
		Debug|Any CPU = Debug|Any CPU
		DEV|Any CPU = DEV|Any CPU
		PROD|Any CPU = PROD|Any CPU
		Release|Any CPU = Release|Any CPU
		TEST|Any CPU = TEST|Any CPU
	EndGlobalSection
	GlobalSection(ProjectConfigurationPlatforms) = postSolution
		{8B4311A0-E74A-49BB-B824-1C49BCAC62D0}.Debug|Any CPU.ActiveCfg = Debug|Any CPU
		{8B4311A0-E74A-49BB-B824-1C49BCAC62D0}.Debug|Any CPU.Build.0 = Debug|Any CPU
		{8B4311A0-E74A-49BB-B824-1C49BCAC62D0}.DEV|Any CPU.ActiveCfg = DEV|Any CPU
		{8B4311A0-E74A-49BB-B824-1C49BCAC62D0}.DEV|Any CPU.Build.0 = DEV|Any CPU
		{8B4311A0-E74A-49BB-B824-1C49BCAC62D0}.PROD|Any CPU.ActiveCfg = PROD|Any CPU
		{8B4311A0-E74A-49BB-B824-1C49BCAC62D0}.PROD|Any CPU.Build.0 = PROD|Any CPU
		{8B4311A0-E74A-49BB-B824-1C49BCAC62D0}.Release|Any CPU.ActiveCfg = Release|Any CPU
		{8B4311A0-E74A-49BB-B824-1C49BCAC62D0}.Release|Any CPU.Build.0 = Release|Any CPU
		{8B4311A0-E74A-49BB-B824-1C49BCAC62D0}.TEST|Any CPU.ActiveCfg = TEST|Any CPU
		{8B4311A0-E74A-49BB-B824-1C49BCAC62D0}.TEST|Any CPU.Build.0 = TEST|Any CPU
		{77F4127E-44AF-4DA6-8433-2341D9CDB400}.Debug|Any CPU.ActiveCfg = Debug|Any CPU
		{77F4127E-44AF-4DA6-8433-2341D9CDB400}.Debug|Any CPU.Build.0 = Debug|Any CPU
		{77F4127E-44AF-4DA6-8433-2341D9CDB400}.DEV|Any CPU.ActiveCfg = DEV|Any CPU
		{77F4127E-44AF-4DA6-8433-2341D9CDB400}.DEV|Any CPU.Build.0 = DEV|Any CPU
		{77F4127E-44AF-4DA6-8433-2341D9CDB400}.PROD|Any CPU.ActiveCfg = PROD|Any CPU
		{77F4127E-44AF-4DA6-8433-2341D9CDB400}.PROD|Any CPU.Build.0 = PROD|Any CPU
		{77F4127E-44AF-4DA6-8433-2341D9CDB400}.Release|Any CPU.ActiveCfg = Release|Any CPU
		{77F4127E-44AF-4DA6-8433-2341D9CDB400}.Release|Any CPU.Build.0 = Release|Any CPU
		{77F4127E-44AF-4DA6-8433-2341D9CDB400}.TEST|Any CPU.ActiveCfg = TEST|Any CPU
		{77F4127E-44AF-4DA6-8433-2341D9CDB400}.TEST|Any CPU.Build.0 = TEST|Any CPU
		{2E4D0103-D20E-4042-8010-D5C2A7B568C9}.Debug|Any CPU.ActiveCfg = Debug|Any CPU
		{2E4D0103-D20E-4042-8010-D5C2A7B568C9}.Debug|Any CPU.Build.0 = Debug|Any CPU
		{2E4D0103-D20E-4042-8010-D5C2A7B568C9}.DEV|Any CPU.ActiveCfg = DEV|Any CPU
		{2E4D0103-D20E-4042-8010-D5C2A7B568C9}.DEV|Any CPU.Build.0 = DEV|Any CPU
		{2E4D0103-D20E-4042-8010-D5C2A7B568C9}.PROD|Any CPU.ActiveCfg = PROD|Any CPU
		{2E4D0103-D20E-4042-8010-D5C2A7B568C9}.PROD|Any CPU.Build.0 = PROD|Any CPU
		{2E4D0103-D20E-4042-8010-D5C2A7B568C9}.Release|Any CPU.ActiveCfg = Release|Any CPU
		{2E4D0103-D20E-4042-8010-D5C2A7B568C9}.Release|Any CPU.Build.0 = Release|Any CPU
		{2E4D0103-D20E-4042-8010-D5C2A7B568C9}.TEST|Any CPU.ActiveCfg = TEST|Any CPU
		{2E4D0103-D20E-4042-8010-D5C2A7B568C9}.TEST|Any CPU.Build.0 = TEST|Any CPU
		{584670B2-A961-4BFA-9708-38592784AB0B}.Debug|Any CPU.ActiveCfg = Debug|Any CPU
		{584670B2-A961-4BFA-9708-38592784AB0B}.Debug|Any CPU.Build.0 = Debug|Any CPU
		{584670B2-A961-4BFA-9708-38592784AB0B}.DEV|Any CPU.ActiveCfg = DEV|Any CPU
		{584670B2-A961-4BFA-9708-38592784AB0B}.DEV|Any CPU.Build.0 = DEV|Any CPU
		{584670B2-A961-4BFA-9708-38592784AB0B}.PROD|Any CPU.ActiveCfg = PROD|Any CPU
		{584670B2-A961-4BFA-9708-38592784AB0B}.PROD|Any CPU.Build.0 = PROD|Any CPU
		{584670B2-A961-4BFA-9708-38592784AB0B}.Release|Any CPU.ActiveCfg = Release|Any CPU
		{584670B2-A961-4BFA-9708-38592784AB0B}.Release|Any CPU.Build.0 = Release|Any CPU
		{584670B2-A961-4BFA-9708-38592784AB0B}.TEST|Any CPU.ActiveCfg = TEST|Any CPU
		{584670B2-A961-4BFA-9708-38592784AB0B}.TEST|Any CPU.Build.0 = TEST|Any CPU
		{52C6D74C-A96E-4B0D-A580-F553E0F09112}.Debug|Any CPU.ActiveCfg = Debug|Any CPU
		{52C6D74C-A96E-4B0D-A580-F553E0F09112}.Debug|Any CPU.Build.0 = Debug|Any CPU
		{52C6D74C-A96E-4B0D-A580-F553E0F09112}.DEV|Any CPU.ActiveCfg = DEV|Any CPU
		{52C6D74C-A96E-4B0D-A580-F553E0F09112}.DEV|Any CPU.Build.0 = DEV|Any CPU
		{52C6D74C-A96E-4B0D-A580-F553E0F09112}.PROD|Any CPU.ActiveCfg = PROD|Any CPU
		{52C6D74C-A96E-4B0D-A580-F553E0F09112}.PROD|Any CPU.Build.0 = PROD|Any CPU
		{52C6D74C-A96E-4B0D-A580-F553E0F09112}.Release|Any CPU.ActiveCfg = Release|Any CPU
		{52C6D74C-A96E-4B0D-A580-F553E0F09112}.Release|Any CPU.Build.0 = Release|Any CPU
		{52C6D74C-A96E-4B0D-A580-F553E0F09112}.TEST|Any CPU.ActiveCfg = TEST|Any CPU
		{52C6D74C-A96E-4B0D-A580-F553E0F09112}.TEST|Any CPU.Build.0 = TEST|Any CPU
		{AA758CBE-8FD3-4E1B-878D-101FC4575605}.Debug|Any CPU.ActiveCfg = Debug|Any CPU
		{AA758CBE-8FD3-4E1B-878D-101FC4575605}.Debug|Any CPU.Build.0 = Debug|Any CPU
		{AA758CBE-8FD3-4E1B-878D-101FC4575605}.DEV|Any CPU.ActiveCfg = DEV|Any CPU
		{AA758CBE-8FD3-4E1B-878D-101FC4575605}.DEV|Any CPU.Build.0 = DEV|Any CPU
		{AA758CBE-8FD3-4E1B-878D-101FC4575605}.PROD|Any CPU.ActiveCfg = PROD|Any CPU
		{AA758CBE-8FD3-4E1B-878D-101FC4575605}.PROD|Any CPU.Build.0 = PROD|Any CPU
		{AA758CBE-8FD3-4E1B-878D-101FC4575605}.Release|Any CPU.ActiveCfg = Release|Any CPU
		{AA758CBE-8FD3-4E1B-878D-101FC4575605}.Release|Any CPU.Build.0 = Release|Any CPU
		{AA758CBE-8FD3-4E1B-878D-101FC4575605}.TEST|Any CPU.ActiveCfg = TEST|Any CPU
		{AA758CBE-8FD3-4E1B-878D-101FC4575605}.TEST|Any CPU.Build.0 = TEST|Any CPU
		{08FC7D16-4896-4A82-9A73-ABCFAA0FB695}.Debug|Any CPU.ActiveCfg = Debug|Any CPU
		{08FC7D16-4896-4A82-9A73-ABCFAA0FB695}.Debug|Any CPU.Build.0 = Debug|Any CPU
		{08FC7D16-4896-4A82-9A73-ABCFAA0FB695}.DEV|Any CPU.ActiveCfg = DEV|Any CPU
		{08FC7D16-4896-4A82-9A73-ABCFAA0FB695}.DEV|Any CPU.Build.0 = DEV|Any CPU
		{08FC7D16-4896-4A82-9A73-ABCFAA0FB695}.PROD|Any CPU.ActiveCfg = PROD|Any CPU
		{08FC7D16-4896-4A82-9A73-ABCFAA0FB695}.PROD|Any CPU.Build.0 = PROD|Any CPU
		{08FC7D16-4896-4A82-9A73-ABCFAA0FB695}.Release|Any CPU.ActiveCfg = Release|Any CPU
		{08FC7D16-4896-4A82-9A73-ABCFAA0FB695}.Release|Any CPU.Build.0 = Release|Any CPU
		{08FC7D16-4896-4A82-9A73-ABCFAA0FB695}.TEST|Any CPU.ActiveCfg = TEST|Any CPU
		{08FC7D16-4896-4A82-9A73-ABCFAA0FB695}.TEST|Any CPU.Build.0 = TEST|Any CPU
		{C7F68FD9-404C-4BF7-AAFC-F8A50F0C8D38}.Debug|Any CPU.ActiveCfg = Debug|Any CPU
		{C7F68FD9-404C-4BF7-AAFC-F8A50F0C8D38}.Debug|Any CPU.Build.0 = Debug|Any CPU
		{C7F68FD9-404C-4BF7-AAFC-F8A50F0C8D38}.DEV|Any CPU.ActiveCfg = DEV|Any CPU
		{C7F68FD9-404C-4BF7-AAFC-F8A50F0C8D38}.DEV|Any CPU.Build.0 = DEV|Any CPU
		{C7F68FD9-404C-4BF7-AAFC-F8A50F0C8D38}.PROD|Any CPU.ActiveCfg = PROD|Any CPU
		{C7F68FD9-404C-4BF7-AAFC-F8A50F0C8D38}.PROD|Any CPU.Build.0 = PROD|Any CPU
		{C7F68FD9-404C-4BF7-AAFC-F8A50F0C8D38}.Release|Any CPU.ActiveCfg = Release|Any CPU
		{C7F68FD9-404C-4BF7-AAFC-F8A50F0C8D38}.Release|Any CPU.Build.0 = Release|Any CPU
		{C7F68FD9-404C-4BF7-AAFC-F8A50F0C8D38}.TEST|Any CPU.ActiveCfg = TEST|Any CPU
		{C7F68FD9-404C-4BF7-AAFC-F8A50F0C8D38}.TEST|Any CPU.Build.0 = TEST|Any CPU
		{2B89C821-CB4B-4430-AA02-DA5B3A1D4BB6}.Debug|Any CPU.ActiveCfg = Debug|Any CPU
		{2B89C821-CB4B-4430-AA02-DA5B3A1D4BB6}.Debug|Any CPU.Build.0 = Debug|Any CPU
		{2B89C821-CB4B-4430-AA02-DA5B3A1D4BB6}.DEV|Any CPU.ActiveCfg = DEV|Any CPU
		{2B89C821-CB4B-4430-AA02-DA5B3A1D4BB6}.DEV|Any CPU.Build.0 = DEV|Any CPU
		{2B89C821-CB4B-4430-AA02-DA5B3A1D4BB6}.PROD|Any CPU.ActiveCfg = PROD|Any CPU
		{2B89C821-CB4B-4430-AA02-DA5B3A1D4BB6}.PROD|Any CPU.Build.0 = PROD|Any CPU
		{2B89C821-CB4B-4430-AA02-DA5B3A1D4BB6}.Release|Any CPU.ActiveCfg = Release|Any CPU
		{2B89C821-CB4B-4430-AA02-DA5B3A1D4BB6}.Release|Any CPU.Build.0 = Release|Any CPU
		{2B89C821-CB4B-4430-AA02-DA5B3A1D4BB6}.TEST|Any CPU.ActiveCfg = TEST|Any CPU
		{2B89C821-CB4B-4430-AA02-DA5B3A1D4BB6}.TEST|Any CPU.Build.0 = TEST|Any CPU
		{C4FB458C-2DED-4653-8196-06CFEE3BA962}.Debug|Any CPU.ActiveCfg = Debug|Any CPU
		{C4FB458C-2DED-4653-8196-06CFEE3BA962}.Debug|Any CPU.Build.0 = Debug|Any CPU
		{C4FB458C-2DED-4653-8196-06CFEE3BA962}.DEV|Any CPU.ActiveCfg = DEV|Any CPU
		{C4FB458C-2DED-4653-8196-06CFEE3BA962}.DEV|Any CPU.Build.0 = DEV|Any CPU
		{C4FB458C-2DED-4653-8196-06CFEE3BA962}.PROD|Any CPU.ActiveCfg = PROD|Any CPU
		{C4FB458C-2DED-4653-8196-06CFEE3BA962}.PROD|Any CPU.Build.0 = PROD|Any CPU
		{C4FB458C-2DED-4653-8196-06CFEE3BA962}.Release|Any CPU.ActiveCfg = Release|Any CPU
		{C4FB458C-2DED-4653-8196-06CFEE3BA962}.Release|Any CPU.Build.0 = Release|Any CPU
		{C4FB458C-2DED-4653-8196-06CFEE3BA962}.TEST|Any CPU.ActiveCfg = TEST|Any CPU
		{C4FB458C-2DED-4653-8196-06CFEE3BA962}.TEST|Any CPU.Build.0 = TEST|Any CPU
		{3AAD0CB1-D8D4-4F71-95BB-0EB6FB857B1B}.Debug|Any CPU.ActiveCfg = Debug|Any CPU
		{3AAD0CB1-D8D4-4F71-95BB-0EB6FB857B1B}.Debug|Any CPU.Build.0 = Debug|Any CPU
		{3AAD0CB1-D8D4-4F71-95BB-0EB6FB857B1B}.DEV|Any CPU.ActiveCfg = DEV|Any CPU
		{3AAD0CB1-D8D4-4F71-95BB-0EB6FB857B1B}.DEV|Any CPU.Build.0 = DEV|Any CPU
		{3AAD0CB1-D8D4-4F71-95BB-0EB6FB857B1B}.PROD|Any CPU.ActiveCfg = PROD|Any CPU
		{3AAD0CB1-D8D4-4F71-95BB-0EB6FB857B1B}.PROD|Any CPU.Build.0 = PROD|Any CPU
		{3AAD0CB1-D8D4-4F71-95BB-0EB6FB857B1B}.Release|Any CPU.ActiveCfg = Release|Any CPU
		{3AAD0CB1-D8D4-4F71-95BB-0EB6FB857B1B}.Release|Any CPU.Build.0 = Release|Any CPU
		{3AAD0CB1-D8D4-4F71-95BB-0EB6FB857B1B}.TEST|Any CPU.ActiveCfg = TEST|Any CPU
		{3AAD0CB1-D8D4-4F71-95BB-0EB6FB857B1B}.TEST|Any CPU.Build.0 = TEST|Any CPU
		{82585E91-9D2B-470F-9EFC-2AE8BDC7062B}.Debug|Any CPU.ActiveCfg = Debug|Any CPU
		{82585E91-9D2B-470F-9EFC-2AE8BDC7062B}.Debug|Any CPU.Build.0 = Debug|Any CPU
		{82585E91-9D2B-470F-9EFC-2AE8BDC7062B}.DEV|Any CPU.ActiveCfg = DEV|Any CPU
		{82585E91-9D2B-470F-9EFC-2AE8BDC7062B}.DEV|Any CPU.Build.0 = DEV|Any CPU
		{82585E91-9D2B-470F-9EFC-2AE8BDC7062B}.PROD|Any CPU.ActiveCfg = PROD|Any CPU
		{82585E91-9D2B-470F-9EFC-2AE8BDC7062B}.PROD|Any CPU.Build.0 = PROD|Any CPU
		{82585E91-9D2B-470F-9EFC-2AE8BDC7062B}.Release|Any CPU.ActiveCfg = Release|Any CPU
		{82585E91-9D2B-470F-9EFC-2AE8BDC7062B}.Release|Any CPU.Build.0 = Release|Any CPU
		{82585E91-9D2B-470F-9EFC-2AE8BDC7062B}.TEST|Any CPU.ActiveCfg = TEST|Any CPU
		{82585E91-9D2B-470F-9EFC-2AE8BDC7062B}.TEST|Any CPU.Build.0 = TEST|Any CPU
		{5FE513A0-B2AA-4080-A998-CC8DF3B9AB80}.Debug|Any CPU.ActiveCfg = Debug|Any CPU
		{5FE513A0-B2AA-4080-A998-CC8DF3B9AB80}.Debug|Any CPU.Build.0 = Debug|Any CPU
		{5FE513A0-B2AA-4080-A998-CC8DF3B9AB80}.DEV|Any CPU.ActiveCfg = DEV|Any CPU
		{5FE513A0-B2AA-4080-A998-CC8DF3B9AB80}.DEV|Any CPU.Build.0 = DEV|Any CPU
		{5FE513A0-B2AA-4080-A998-CC8DF3B9AB80}.PROD|Any CPU.ActiveCfg = PROD|Any CPU
		{5FE513A0-B2AA-4080-A998-CC8DF3B9AB80}.PROD|Any CPU.Build.0 = PROD|Any CPU
		{5FE513A0-B2AA-4080-A998-CC8DF3B9AB80}.Release|Any CPU.ActiveCfg = Release|Any CPU
		{5FE513A0-B2AA-4080-A998-CC8DF3B9AB80}.Release|Any CPU.Build.0 = Release|Any CPU
		{5FE513A0-B2AA-4080-A998-CC8DF3B9AB80}.TEST|Any CPU.ActiveCfg = TEST|Any CPU
		{5FE513A0-B2AA-4080-A998-CC8DF3B9AB80}.TEST|Any CPU.Build.0 = TEST|Any CPU
		{214D3AFB-14F7-499D-8C59-E504E2559FE7}.Debug|Any CPU.ActiveCfg = Debug|Any CPU
		{214D3AFB-14F7-499D-8C59-E504E2559FE7}.Debug|Any CPU.Build.0 = Debug|Any CPU
		{214D3AFB-14F7-499D-8C59-E504E2559FE7}.DEV|Any CPU.ActiveCfg = DEV|Any CPU
		{214D3AFB-14F7-499D-8C59-E504E2559FE7}.DEV|Any CPU.Build.0 = DEV|Any CPU
		{214D3AFB-14F7-499D-8C59-E504E2559FE7}.PROD|Any CPU.ActiveCfg = PROD|Any CPU
		{214D3AFB-14F7-499D-8C59-E504E2559FE7}.PROD|Any CPU.Build.0 = PROD|Any CPU
		{214D3AFB-14F7-499D-8C59-E504E2559FE7}.Release|Any CPU.ActiveCfg = Release|Any CPU
		{214D3AFB-14F7-499D-8C59-E504E2559FE7}.Release|Any CPU.Build.0 = Release|Any CPU
		{214D3AFB-14F7-499D-8C59-E504E2559FE7}.TEST|Any CPU.ActiveCfg = TEST|Any CPU
		{214D3AFB-14F7-499D-8C59-E504E2559FE7}.TEST|Any CPU.Build.0 = TEST|Any CPU
		{627D4964-1884-44FB-B33B-BC8C6E55B9A5}.Debug|Any CPU.ActiveCfg = Debug|Any CPU
		{627D4964-1884-44FB-B33B-BC8C6E55B9A5}.Debug|Any CPU.Build.0 = Debug|Any CPU
		{627D4964-1884-44FB-B33B-BC8C6E55B9A5}.DEV|Any CPU.ActiveCfg = DEV|Any CPU
		{627D4964-1884-44FB-B33B-BC8C6E55B9A5}.DEV|Any CPU.Build.0 = DEV|Any CPU
		{627D4964-1884-44FB-B33B-BC8C6E55B9A5}.PROD|Any CPU.ActiveCfg = PROD|Any CPU
		{627D4964-1884-44FB-B33B-BC8C6E55B9A5}.PROD|Any CPU.Build.0 = PROD|Any CPU
		{627D4964-1884-44FB-B33B-BC8C6E55B9A5}.Release|Any CPU.ActiveCfg = Release|Any CPU
		{627D4964-1884-44FB-B33B-BC8C6E55B9A5}.Release|Any CPU.Build.0 = Release|Any CPU
		{627D4964-1884-44FB-B33B-BC8C6E55B9A5}.TEST|Any CPU.ActiveCfg = TEST|Any CPU
		{627D4964-1884-44FB-B33B-BC8C6E55B9A5}.TEST|Any CPU.Build.0 = TEST|Any CPU
		{16993DB8-D2C4-4E11-B82E-C9059EC785B2}.Debug|Any CPU.ActiveCfg = Debug|Any CPU
		{16993DB8-D2C4-4E11-B82E-C9059EC785B2}.Debug|Any CPU.Build.0 = Debug|Any CPU
		{16993DB8-D2C4-4E11-B82E-C9059EC785B2}.DEV|Any CPU.ActiveCfg = DEV|Any CPU
		{16993DB8-D2C4-4E11-B82E-C9059EC785B2}.DEV|Any CPU.Build.0 = DEV|Any CPU
		{16993DB8-D2C4-4E11-B82E-C9059EC785B2}.PROD|Any CPU.ActiveCfg = PROD|Any CPU
		{16993DB8-D2C4-4E11-B82E-C9059EC785B2}.PROD|Any CPU.Build.0 = PROD|Any CPU
		{16993DB8-D2C4-4E11-B82E-C9059EC785B2}.Release|Any CPU.ActiveCfg = Release|Any CPU
		{16993DB8-D2C4-4E11-B82E-C9059EC785B2}.Release|Any CPU.Build.0 = Release|Any CPU
		{16993DB8-D2C4-4E11-B82E-C9059EC785B2}.TEST|Any CPU.ActiveCfg = TEST|Any CPU
		{16993DB8-D2C4-4E11-B82E-C9059EC785B2}.TEST|Any CPU.Build.0 = TEST|Any CPU
		{732D8B08-2CF4-4916-9948-DB3FB54FDFEB}.Debug|Any CPU.ActiveCfg = Debug|Any CPU
		{732D8B08-2CF4-4916-9948-DB3FB54FDFEB}.Debug|Any CPU.Build.0 = Debug|Any CPU
		{732D8B08-2CF4-4916-9948-DB3FB54FDFEB}.DEV|Any CPU.ActiveCfg = DEV|Any CPU
		{732D8B08-2CF4-4916-9948-DB3FB54FDFEB}.DEV|Any CPU.Build.0 = DEV|Any CPU
		{732D8B08-2CF4-4916-9948-DB3FB54FDFEB}.PROD|Any CPU.ActiveCfg = PROD|Any CPU
		{732D8B08-2CF4-4916-9948-DB3FB54FDFEB}.PROD|Any CPU.Build.0 = PROD|Any CPU
		{732D8B08-2CF4-4916-9948-DB3FB54FDFEB}.Release|Any CPU.ActiveCfg = Release|Any CPU
		{732D8B08-2CF4-4916-9948-DB3FB54FDFEB}.Release|Any CPU.Build.0 = Release|Any CPU
		{732D8B08-2CF4-4916-9948-DB3FB54FDFEB}.TEST|Any CPU.ActiveCfg = TEST|Any CPU
		{732D8B08-2CF4-4916-9948-DB3FB54FDFEB}.TEST|Any CPU.Build.0 = TEST|Any CPU
	EndGlobalSection
	GlobalSection(SolutionProperties) = preSolution
		HideSolutionNode = FALSE
	EndGlobalSection
	GlobalSection(ExtensibilityGlobals) = postSolution
		SolutionGuid = {AC7379EC-EDC2-4438-9DE4-265F1DE17B7A}
	EndGlobalSection
EndGlobal
