
Microsoft Visual Studio Solution File, Format Version 12.00
# Visual Studio Version 17
VisualStudioVersion = 17.4.33205.214
MinimumVisualStudioVersion = 10.0.40219.1
Project("{FAE04EC0-301F-11D3-BF4B-00C04F79EFBC}") = "KararVeDonguOrnekleri", "KararVeDonguOrnekleri\KararVeDonguOrnekleri.csproj", "{8B4311A0-E74A-49BB-B824-1C49BCAC62D0}"
EndProject
Project("{FAE04EC0-301F-11D3-BF4B-00C04F79EFBC}") = "Diziler", "Diziler\Diziler.csproj", "{77F4127E-44AF-4DA6-8433-2341D9CDB400}"
EndProject
Global
	GlobalSection(SolutionConfigurationPlatforms) = preSolution
		Debug|Any CPU = Debug|Any CPU
		Release|Any CPU = Release|Any CPU
	EndGlobalSection
	GlobalSection(ProjectConfigurationPlatforms) = postSolution
		{8B4311A0-E74A-49BB-B824-1C49BCAC62D0}.Debug|Any CPU.ActiveCfg = Debug|Any CPU
		{8B4311A0-E74A-49BB-B824-1C49BCAC62D0}.Debug|Any CPU.Build.0 = Debug|Any CPU
		{8B4311A0-E74A-49BB-B824-1C49BCAC62D0}.Release|Any CPU.ActiveCfg = Release|Any CPU
		{8B4311A0-E74A-49BB-B824-1C49BCAC62D0}.Release|Any CPU.Build.0 = Release|Any CPU
		{77F4127E-44AF-4DA6-8433-2341D9CDB400}.Debug|Any CPU.ActiveCfg = Debug|Any CPU
		{77F4127E-44AF-4DA6-8433-2341D9CDB400}.Debug|Any CPU.Build.0 = Debug|Any CPU
		{77F4127E-44AF-4DA6-8433-2341D9CDB400}.Release|Any CPU.ActiveCfg = Release|Any CPU
		{77F4127E-44AF-4DA6-8433-2341D9CDB400}.Release|Any CPU.Build.0 = Release|Any CPU
	EndGlobalSection
	GlobalSection(SolutionProperties) = preSolution
		HideSolutionNode = FALSE
	EndGlobalSection
	GlobalSection(ExtensibilityGlobals) = postSolution
		SolutionGuid = {AC7379EC-EDC2-4438-9DE4-265F1DE17B7A}
	EndGlobalSection
EndGlobal
