
Microsoft Visual Studio Solution File, Format Version 12.00
# Visual Studio Version 17
VisualStudioVersion = 17.4.33205.214
MinimumVisualStudioVersion = 10.0.40219.1
Project("{FAE04EC0-301F-11D3-BF4B-00C04F79EFBC}") = "KararVeDonguOrnekleri", "KararVeDonguOrnekleri\KararVeDonguOrnekleri.csproj", "{8B4311A0-E74A-49BB-B824-1C49BCAC62D0}"
EndProject
Project("{FAE04EC0-301F-11D3-BF4B-00C04F79EFBC}") = "Diziler", "Diziler\Diziler.csproj", "{77F4127E-44AF-4DA6-8433-2341D9CDB400}"
EndProject
Project("{FAE04EC0-301F-11D3-BF4B-00C04F79EFBC}") = "Metotlar", "Metotlar\Metotlar.csproj", "{2E4D0103-D20E-4042-8010-D5C2A7B568C9}"
EndProject
Project("{FAE04EC0-301F-11D3-BF4B-00C04F79EFBC}") = "Classes", "Classes\Classes.csproj", "{584670B2-A961-4BFA-9708-38592784AB0B}"
EndProject
Project("{FAE04EC0-301F-11D3-BF4B-00C04F79EFBC}") = "BenimKutuphanem", "BenimKutuphanem\BenimKutuphanem.csproj", "{52C6D74C-A96E-4B0D-A580-F553E0F09112}"
EndProject
Project("{FAE04EC0-301F-11D3-BF4B-00C04F79EFBC}") = "IlkFormUygulamam", "IlkFormUygulamam\IlkFormUygulamam.csproj", "{AA758CBE-8FD3-4E1B-878D-101FC4575605}"
EndProject
Project("{FAE04EC0-301F-11D3-BF4B-00C04F79EFBC}") = "AdamAsmaca", "AdamAsmaca\AdamAsmaca.csproj", "{08FC7D16-4896-4A82-9A73-ABCFAA0FB695}"
EndProject
Global
	GlobalSection(SolutionConfigurationPlatforms) = preSolution
		Debug|Any CPU = Debug|Any CPU
		Release|Any CPU = Release|Any CPU
	EndGlobalSection
	GlobalSection(ProjectConfigurationPlatforms) = postSolution
		{8B4311A0-E74A-49BB-B824-1C49BCAC62D0}.Debug|Any CPU.ActiveCfg = Debug|Any CPU
		{8B4311A0-E74A-49BB-B824-1C49BCAC62D0}.Debug|Any CPU.Build.0 = Debug|Any CPU
		{8B4311A0-E74A-49BB-B824-1C49BCAC62D0}.Release|Any CPU.ActiveCfg = Release|Any CPU
		{8B4311A0-E74A-49BB-B824-1C49BCAC62D0}.Release|Any CPU.Build.0 = Release|Any CPU
		{77F4127E-44AF-4DA6-8433-2341D9CDB400}.Debug|Any CPU.ActiveCfg = Debug|Any CPU
		{77F4127E-44AF-4DA6-8433-2341D9CDB400}.Debug|Any CPU.Build.0 = Debug|Any CPU
		{77F4127E-44AF-4DA6-8433-2341D9CDB400}.Release|Any CPU.ActiveCfg = Release|Any CPU
		{77F4127E-44AF-4DA6-8433-2341D9CDB400}.Release|Any CPU.Build.0 = Release|Any CPU
		{2E4D0103-D20E-4042-8010-D5C2A7B568C9}.Debug|Any CPU.ActiveCfg = Debug|Any CPU
		{2E4D0103-D20E-4042-8010-D5C2A7B568C9}.Debug|Any CPU.Build.0 = Debug|Any CPU
		{2E4D0103-D20E-4042-8010-D5C2A7B568C9}.Release|Any CPU.ActiveCfg = Release|Any CPU
		{2E4D0103-D20E-4042-8010-D5C2A7B568C9}.Release|Any CPU.Build.0 = Release|Any CPU
		{584670B2-A961-4BFA-9708-38592784AB0B}.Debug|Any CPU.ActiveCfg = Debug|Any CPU
		{584670B2-A961-4BFA-9708-38592784AB0B}.Debug|Any CPU.Build.0 = Debug|Any CPU
		{584670B2-A961-4BFA-9708-38592784AB0B}.Release|Any CPU.ActiveCfg = Release|Any CPU
		{584670B2-A961-4BFA-9708-38592784AB0B}.Release|Any CPU.Build.0 = Release|Any CPU
		{52C6D74C-A96E-4B0D-A580-F553E0F09112}.Debug|Any CPU.ActiveCfg = Debug|Any CPU
		{52C6D74C-A96E-4B0D-A580-F553E0F09112}.Debug|Any CPU.Build.0 = Debug|Any CPU
		{52C6D74C-A96E-4B0D-A580-F553E0F09112}.Release|Any CPU.ActiveCfg = Release|Any CPU
		{52C6D74C-A96E-4B0D-A580-F553E0F09112}.Release|Any CPU.Build.0 = Release|Any CPU
		{AA758CBE-8FD3-4E1B-878D-101FC4575605}.Debug|Any CPU.ActiveCfg = Debug|Any CPU
		{AA758CBE-8FD3-4E1B-878D-101FC4575605}.Debug|Any CPU.Build.0 = Debug|Any CPU
		{AA758CBE-8FD3-4E1B-878D-101FC4575605}.Release|Any CPU.ActiveCfg = Release|Any CPU
		{AA758CBE-8FD3-4E1B-878D-101FC4575605}.Release|Any CPU.Build.0 = Release|Any CPU
		{08FC7D16-4896-4A82-9A73-ABCFAA0FB695}.Debug|Any CPU.ActiveCfg = Debug|Any CPU
		{08FC7D16-4896-4A82-9A73-ABCFAA0FB695}.Debug|Any CPU.Build.0 = Debug|Any CPU
		{08FC7D16-4896-4A82-9A73-ABCFAA0FB695}.Release|Any CPU.ActiveCfg = Release|Any CPU
		{08FC7D16-4896-4A82-9A73-ABCFAA0FB695}.Release|Any CPU.Build.0 = Release|Any CPU
	EndGlobalSection
	GlobalSection(SolutionProperties) = preSolution
		HideSolutionNode = FALSE
	EndGlobalSection
	GlobalSection(ExtensibilityGlobals) = postSolution
		SolutionGuid = {AC7379EC-EDC2-4438-9DE4-265F1DE17B7A}
	EndGlobalSection
EndGlobal
