
Microsoft Visual Studio Solution File, Format Version 12.00
# Visual Studio Version 17
VisualStudioVersion = 17.4.33205.214
MinimumVisualStudioVersion = 10.0.40219.1
Project("{9A19103F-16F7-4668-BE54-9A1E7A4F7556}") = "Porto.UI", "Porto.UI\Porto.UI.csproj", "{5A99F16B-09D8-43D1-AAA4-2B599AE59E23}"
EndProject
Project("{9A19103F-16F7-4668-BE54-9A1E7A4F7556}") = "Porto.MODEL", "Porto.MODEL\Porto.MODEL.csproj", "{622E97DF-3CDF-4462-84B4-401FCF426B2A}"
EndProject
Project("{9A19103F-16F7-4668-BE54-9A1E7A4F7556}") = "Porto.DAL", "Porto.DAL\Porto.DAL.csproj", "{6E80A7C2-10E7-466C-B49E-F0B6E0A5E66F}"
EndProject
Project("{9A19103F-16F7-4668-BE54-9A1E7A4F7556}") = "Porto.BLL", "Porto.BLL\Porto.BLL.csproj", "{AE6EDA94-ED57-4012-9FA1-B169600D1F1B}"
EndProject
Project("{2150E333-8FDC-42A3-9474-1A3956D46DE8}") = "Scripts", "Scripts", "{6CF0553A-3E71-4201-ABD0-0D9B1B1772D0}"
	ProjectSection(SolutionItems) = preProject
		20230730.sql = 20230730.sql
	EndProjectSection
EndProject
Global
	GlobalSection(SolutionConfigurationPlatforms) = preSolution
		Debug|Any CPU = Debug|Any CPU
		Release|Any CPU = Release|Any CPU
	EndGlobalSection
	GlobalSection(ProjectConfigurationPlatforms) = postSolution
		{5A99F16B-09D8-43D1-AAA4-2B599AE59E23}.Debug|Any CPU.ActiveCfg = Debug|Any CPU
		{5A99F16B-09D8-43D1-AAA4-2B599AE59E23}.Debug|Any CPU.Build.0 = Debug|Any CPU
		{5A99F16B-09D8-43D1-AAA4-2B599AE59E23}.Release|Any CPU.ActiveCfg = Release|Any CPU
		{5A99F16B-09D8-43D1-AAA4-2B599AE59E23}.Release|Any CPU.Build.0 = Release|Any CPU
		{622E97DF-3CDF-4462-84B4-401FCF426B2A}.Debug|Any CPU.ActiveCfg = Debug|Any CPU
		{622E97DF-3CDF-4462-84B4-401FCF426B2A}.Debug|Any CPU.Build.0 = Debug|Any CPU
		{622E97DF-3CDF-4462-84B4-401FCF426B2A}.Release|Any CPU.ActiveCfg = Release|Any CPU
		{622E97DF-3CDF-4462-84B4-401FCF426B2A}.Release|Any CPU.Build.0 = Release|Any CPU
		{6E80A7C2-10E7-466C-B49E-F0B6E0A5E66F}.Debug|Any CPU.ActiveCfg = Debug|Any CPU
		{6E80A7C2-10E7-466C-B49E-F0B6E0A5E66F}.Debug|Any CPU.Build.0 = Debug|Any CPU
		{6E80A7C2-10E7-466C-B49E-F0B6E0A5E66F}.Release|Any CPU.ActiveCfg = Release|Any CPU
		{6E80A7C2-10E7-466C-B49E-F0B6E0A5E66F}.Release|Any CPU.Build.0 = Release|Any CPU
		{AE6EDA94-ED57-4012-9FA1-B169600D1F1B}.Debug|Any CPU.ActiveCfg = Debug|Any CPU
		{AE6EDA94-ED57-4012-9FA1-B169600D1F1B}.Debug|Any CPU.Build.0 = Debug|Any CPU
		{AE6EDA94-ED57-4012-9FA1-B169600D1F1B}.Release|Any CPU.ActiveCfg = Release|Any CPU
		{AE6EDA94-ED57-4012-9FA1-B169600D1F1B}.Release|Any CPU.Build.0 = Release|Any CPU
	EndGlobalSection
	GlobalSection(SolutionProperties) = preSolution
		HideSolutionNode = FALSE
	EndGlobalSection
	GlobalSection(ExtensibilityGlobals) = postSolution
		SolutionGuid = {7BACD637-D4D3-40DC-B914-CF3C7A2F4220}
	EndGlobalSection
EndGlobal
