
Microsoft Visual Studio Solution File, Format Version 12.00
# Visual Studio Version 17
VisualStudioVersion = 17.4.33205.214
MinimumVisualStudioVersion = 10.0.40219.1
Project("{FAE04EC0-301F-11D3-BF4B-00C04F79EFBC}") = "LeafSolution", "LeafSolution\LeafSolution.csproj", "{1CCAF3CD-2DD6-4F39-B791-285DFFA96317}"
EndProject
Global
	GlobalSection(SolutionConfigurationPlatforms) = preSolution
		Debug|Any CPU = Debug|Any CPU
		Release|Any CPU = Release|Any CPU
	EndGlobalSection
	GlobalSection(ProjectConfigurationPlatforms) = postSolution
		{1CCAF3CD-2DD6-4F39-B791-285DFFA96317}.Debug|Any CPU.ActiveCfg = Debug|Any CPU
		{1CCAF3CD-2DD6-4F39-B791-285DFFA96317}.Debug|Any CPU.Build.0 = Debug|Any CPU
		{1CCAF3CD-2DD6-4F39-B791-285DFFA96317}.Release|Any CPU.ActiveCfg = Release|Any CPU
		{1CCAF3CD-2DD6-4F39-B791-285DFFA96317}.Release|Any CPU.Build.0 = Release|Any CPU
	EndGlobalSection
	GlobalSection(SolutionProperties) = preSolution
		HideSolutionNode = FALSE
	EndGlobalSection
	GlobalSection(ExtensibilityGlobals) = postSolution
		SolutionGuid = {52B3BB47-2963-4241-AB34-6EC94C6107A1}
	EndGlobalSection
EndGlobal
